
Microsoft Visual Studio Solution File, Format Version 12.00
# Visual Studio Version 16
VisualStudioVersion = 16.0.31424.327
MinimumVisualStudioVersion = 10.0.40219.1
Project("{2150E333-8FDC-42A3-9474-1A3956D46DE8}") = "Microservices", "Microservices", "{68E26A4C-C082-415E-BD6D-80256B384BBE}"
EndProject
Project("{9A19103F-16F7-4668-BE54-9A1E7A4F7556}") = "UserMicroservices", "UserMicroservices\UserMicroservices.csproj", "{C11F1437-97B3-438C-A90F-3233C2D540E7}"
EndProject
Project("{FAE04EC0-301F-11D3-BF4B-00C04F79EFBC}") = "Gateway", "Gateway\Gateway.csproj", "{37073CAA-EA80-410A-8E8E-CF832B543F30}"
EndProject
Project("{FAE04EC0-301F-11D3-BF4B-00C04F79EFBC}") = "UserWebApp", "UserWebApp\UserWebApp.csproj", "{2EF2D592-544F-4BBC-B54E-7DE1BB1735DE}"
EndProject
Global
	GlobalSection(SolutionConfigurationPlatforms) = preSolution
		Debug|Any CPU = Debug|Any CPU
		Release|Any CPU = Release|Any CPU
	EndGlobalSection
	GlobalSection(ProjectConfigurationPlatforms) = postSolution
		{C11F1437-97B3-438C-A90F-3233C2D540E7}.Debug|Any CPU.ActiveCfg = Debug|Any CPU
		{C11F1437-97B3-438C-A90F-3233C2D540E7}.Debug|Any CPU.Build.0 = Debug|Any CPU
		{C11F1437-97B3-438C-A90F-3233C2D540E7}.Release|Any CPU.ActiveCfg = Release|Any CPU
		{C11F1437-97B3-438C-A90F-3233C2D540E7}.Release|Any CPU.Build.0 = Release|Any CPU
		{37073CAA-EA80-410A-8E8E-CF832B543F30}.Debug|Any CPU.ActiveCfg = Debug|Any CPU
		{37073CAA-EA80-410A-8E8E-CF832B543F30}.Debug|Any CPU.Build.0 = Debug|Any CPU
		{37073CAA-EA80-410A-8E8E-CF832B543F30}.Release|Any CPU.ActiveCfg = Release|Any CPU
		{37073CAA-EA80-410A-8E8E-CF832B543F30}.Release|Any CPU.Build.0 = Release|Any CPU
		{2EF2D592-544F-4BBC-B54E-7DE1BB1735DE}.Debug|Any CPU.ActiveCfg = Debug|Any CPU
		{2EF2D592-544F-4BBC-B54E-7DE1BB1735DE}.Debug|Any CPU.Build.0 = Debug|Any CPU
		{2EF2D592-544F-4BBC-B54E-7DE1BB1735DE}.Release|Any CPU.ActiveCfg = Release|Any CPU
		{2EF2D592-544F-4BBC-B54E-7DE1BB1735DE}.Release|Any CPU.Build.0 = Release|Any CPU
	EndGlobalSection
	GlobalSection(SolutionProperties) = preSolution
		HideSolutionNode = FALSE
	EndGlobalSection
	GlobalSection(NestedProjects) = preSolution
		{C11F1437-97B3-438C-A90F-3233C2D540E7} = {68E26A4C-C082-415E-BD6D-80256B384BBE}
	EndGlobalSection
	GlobalSection(ExtensibilityGlobals) = postSolution
		SolutionGuid = {5465376F-EBD7-4A1E-8DFF-F528721089AD}
	EndGlobalSection
EndGlobal
